
Microsoft Visual Studio Solution File, Format Version 12.00
# Visual Studio Version 17
VisualStudioVersion = 17.5.002.0
MinimumVisualStudioVersion = 10.0.40219.1
Project("{2150E333-8FDC-42A3-9474-1A3956D46DE8}") = "src", "src", "{0C95BB6B-BF35-493A-911C-923383036EDD}"
EndProject
Project("{9A19103F-16F7-4668-BE54-9A1E7A4F7556}") = "SharpFTC.Core", "src\SharpFTC.Core\SharpFTC.Core.csproj", "{43DC242E-F142-4006-A510-110BF1DDBBBE}"
EndProject
Project("{9A19103F-16F7-4668-BE54-9A1E7A4F7556}") = "SharpFTC.Tool", "src\SharpFTC.Tool\SharpFTC.Tool.csproj", "{F69849FB-0A40-476D-ADC1-B6364B1665FA}"
EndProject
Project("{9A19103F-16F7-4668-BE54-9A1E7A4F7556}") = "SharpFTC.AndroidBindings", "src\SharpFTC.AndroidBindings\SharpFTC.AndroidBindings.csproj", "{973BD1C7-17DD-45B6-81AE-D461B522492E}"
EndProject
Project("{9A19103F-16F7-4668-BE54-9A1E7A4F7556}") = "SharpFTC.App", "src\SharpFTC.App\SharpFTC.App.csproj", "{B030A2D4-534D-4E91-A7BA-91CDE7DCC3C9}"
EndProject
Project("{2150E333-8FDC-42A3-9474-1A3956D46DE8}") = "tests", "tests", "{BFB34836-83CA-42BF-A98C-322E6CB3B48A}"
EndProject
Project("{FAE04EC0-301F-11D3-BF4B-00C04F79EFBC}") = "SimpleOpMode", "tests\SimpleOpMode\SimpleOpMode.csproj", "{61C7AC11-9FB8-44E0-A317-FCCB23E3F299}"
EndProject
Global
	GlobalSection(SolutionConfigurationPlatforms) = preSolution
		Debug|Any CPU = Debug|Any CPU
		Release|Any CPU = Release|Any CPU
	EndGlobalSection
	GlobalSection(ProjectConfigurationPlatforms) = postSolution
		{43DC242E-F142-4006-A510-110BF1DDBBBE}.Debug|Any CPU.ActiveCfg = Debug|Any CPU
		{43DC242E-F142-4006-A510-110BF1DDBBBE}.Debug|Any CPU.Build.0 = Debug|Any CPU
		{43DC242E-F142-4006-A510-110BF1DDBBBE}.Release|Any CPU.ActiveCfg = Release|Any CPU
		{43DC242E-F142-4006-A510-110BF1DDBBBE}.Release|Any CPU.Build.0 = Release|Any CPU
		{F69849FB-0A40-476D-ADC1-B6364B1665FA}.Debug|Any CPU.ActiveCfg = Debug|Any CPU
		{F69849FB-0A40-476D-ADC1-B6364B1665FA}.Debug|Any CPU.Build.0 = Debug|Any CPU
		{F69849FB-0A40-476D-ADC1-B6364B1665FA}.Release|Any CPU.ActiveCfg = Release|Any CPU
		{F69849FB-0A40-476D-ADC1-B6364B1665FA}.Release|Any CPU.Build.0 = Release|Any CPU
		{973BD1C7-17DD-45B6-81AE-D461B522492E}.Debug|Any CPU.ActiveCfg = Debug|Any CPU
		{973BD1C7-17DD-45B6-81AE-D461B522492E}.Debug|Any CPU.Build.0 = Debug|Any CPU
		{973BD1C7-17DD-45B6-81AE-D461B522492E}.Release|Any CPU.ActiveCfg = Release|Any CPU
		{973BD1C7-17DD-45B6-81AE-D461B522492E}.Release|Any CPU.Build.0 = Release|Any CPU
		{B030A2D4-534D-4E91-A7BA-91CDE7DCC3C9}.Debug|Any CPU.ActiveCfg = Debug|Any CPU
		{B030A2D4-534D-4E91-A7BA-91CDE7DCC3C9}.Debug|Any CPU.Build.0 = Debug|Any CPU
		{B030A2D4-534D-4E91-A7BA-91CDE7DCC3C9}.Release|Any CPU.ActiveCfg = Release|Any CPU
		{B030A2D4-534D-4E91-A7BA-91CDE7DCC3C9}.Release|Any CPU.Build.0 = Release|Any CPU
		{61C7AC11-9FB8-44E0-A317-FCCB23E3F299}.Debug|Any CPU.ActiveCfg = Debug|Any CPU
		{61C7AC11-9FB8-44E0-A317-FCCB23E3F299}.Debug|Any CPU.Build.0 = Debug|Any CPU
		{61C7AC11-9FB8-44E0-A317-FCCB23E3F299}.Release|Any CPU.ActiveCfg = Release|Any CPU
		{61C7AC11-9FB8-44E0-A317-FCCB23E3F299}.Release|Any CPU.Build.0 = Release|Any CPU
	EndGlobalSection
	GlobalSection(SolutionProperties) = preSolution
		HideSolutionNode = FALSE
	EndGlobalSection
	GlobalSection(NestedProjects) = preSolution
		{43DC242E-F142-4006-A510-110BF1DDBBBE} = {0C95BB6B-BF35-493A-911C-923383036EDD}
		{F69849FB-0A40-476D-ADC1-B6364B1665FA} = {0C95BB6B-BF35-493A-911C-923383036EDD}
		{973BD1C7-17DD-45B6-81AE-D461B522492E} = {0C95BB6B-BF35-493A-911C-923383036EDD}
		{B030A2D4-534D-4E91-A7BA-91CDE7DCC3C9} = {0C95BB6B-BF35-493A-911C-923383036EDD}
		{61C7AC11-9FB8-44E0-A317-FCCB23E3F299} = {BFB34836-83CA-42BF-A98C-322E6CB3B48A}
	EndGlobalSection
	GlobalSection(ExtensibilityGlobals) = postSolution
		SolutionGuid = {03078EEC-EA8D-4AF2-A54C-206476D056CE}
	EndGlobalSection
EndGlobal
